
Microsoft Visual Studio Solution File, Format Version 12.00
# Visual Studio 15
Project("{FAE04EC0-301F-11D3-BF4B-00C04F79EFBC}") = "PurgoMalum.BehaviourTests", "PurgoMalum.BehaviourTests\PurgoMalum.BehaviourTests.csproj", "{CB4EFC0E-52F1-4CA0-85BC-70EFCA87E892}"
EndProject
Project("{FAE04EC0-301F-11D3-BF4B-00C04F79EFBC}") = "PurgoMalum.ServiceClient", "PurgoMalum.ServiceClient\PurgoMalum.ServiceClient.csproj", "{E428FA7B-63DE-49AF-B973-04882D46A561}"
EndProject
Global
	GlobalSection(SolutionConfigurationPlatforms) = preSolution
		Debug|Any CPU = Debug|Any CPU
		Release|Any CPU = Release|Any CPU
	EndGlobalSection
	GlobalSection(ProjectConfigurationPlatforms) = postSolution
		{CB4EFC0E-52F1-4CA0-85BC-70EFCA87E892}.Debug|Any CPU.ActiveCfg = Debug|Any CPU
		{CB4EFC0E-52F1-4CA0-85BC-70EFCA87E892}.Debug|Any CPU.Build.0 = Debug|Any CPU
		{CB4EFC0E-52F1-4CA0-85BC-70EFCA87E892}.Release|Any CPU.ActiveCfg = Release|Any CPU
		{CB4EFC0E-52F1-4CA0-85BC-70EFCA87E892}.Release|Any CPU.Build.0 = Release|Any CPU
		{E428FA7B-63DE-49AF-B973-04882D46A561}.Debug|Any CPU.ActiveCfg = Debug|Any CPU
		{E428FA7B-63DE-49AF-B973-04882D46A561}.Debug|Any CPU.Build.0 = Debug|Any CPU
		{E428FA7B-63DE-49AF-B973-04882D46A561}.Release|Any CPU.ActiveCfg = Release|Any CPU
		{E428FA7B-63DE-49AF-B973-04882D46A561}.Release|Any CPU.Build.0 = Release|Any CPU
	EndGlobalSection
EndGlobal
